
Microsoft Visual Studio Solution File, Format Version 12.00
# Visual Studio Version 17
VisualStudioVersion = 17.13.35931.197 d17.13
MinimumVisualStudioVersion = 10.0.40219.1
Project("{FAE04EC0-301F-11D3-BF4B-00C04F79EFBC}") = "babbly-auth-service", "babbly-auth-service\babbly-auth-service.csproj", "{4B6AD395-2F83-4016-9F10-6B5FB917BAAC}"
EndProject
Global
	GlobalSection(SolutionConfigurationPlatforms) = preSolution
		Debug|Any CPU = Debug|Any CPU
		Release|Any CPU = Release|Any CPU
	EndGlobalSection
	GlobalSection(ProjectConfigurationPlatforms) = postSolution
		{4B6AD395-2F83-4016-9F10-6B5FB917BAAC}.Debug|Any CPU.ActiveCfg = Debug|Any CPU
		{4B6AD395-2F83-4016-9F10-6B5FB917BAAC}.Debug|Any CPU.Build.0 = Debug|Any CPU
		{4B6AD395-2F83-4016-9F10-6B5FB917BAAC}.Release|Any CPU.ActiveCfg = Release|Any CPU
		{4B6AD395-2F83-4016-9F10-6B5FB917BAAC}.Release|Any CPU.Build.0 = Release|Any CPU
	EndGlobalSection
	GlobalSection(SolutionProperties) = preSolution
		HideSolutionNode = FALSE
	EndGlobalSection
	GlobalSection(ExtensibilityGlobals) = postSolution
		SolutionGuid = {B48CB000-C4BF-4963-928F-D8A2A7C9D062}
	EndGlobalSection
EndGlobal
